<Solution>
  <Configurations>
    <Platform Name="ARM64" />
    <Platform Name="x64" />
    <Platform Name="x86" />
  </Configurations>
  <Project Path="KeyPocket.Core/KeyPocket.Core.csproj" Id="5487d811-b735-4b2b-8aaa-09990180485d" />
  <Project Path="KeyPocket.UI/KeyPocket.UI.csproj">
    <Platform Solution="*|ARM64" Project="ARM64" />
    <Platform Solution="*|x64" Project="x64" />
    <Platform Solution="*|x86" Project="x86" />
    <Deploy />
  </Project>
</Solution>
